// !$*UTF8*$!
{
	archiveVersion = 1;
	classes = {
	};
	objectVersion = 46;
	objects = {

/* Begin PBXBuildFile section */
		3D9606811E66DC4E0025264F /* main.m in Sources */ = {isa = PBXBuildFile; fileRef = 3D9606801E66DC4E0025264F /* main.m */; };
		3D9606841E66DC4E0025264F /* AppDelegate.m in Sources */ = {isa = PBXBuildFile; fileRef = 3D9606831E66DC4E0025264F /* AppDelegate.m */; };
		3D9606871E66DC4E0025264F /* RootViewController.m in Sources */ = {isa = PBXBuildFile; fileRef = 3D9606861E66DC4E0025264F /* RootViewController.m */; };
		3D96068A1E66DC4E0025264F /* DataViewController.m in Sources */ = {isa = PBXBuildFile; fileRef = 3D9606891E66DC4E0025264F /* DataViewController.m */; };
		3D96068D1E66DC4E0025264F /* ModelController.m in Sources */ = {isa = PBXBuildFile; fileRef = 3D96068C1E66DC4E0025264F /* ModelController.m */; };
		3D9606901E66DC4E0025264F /* Main.storyboard in Resources */ = {isa = PBXBuildFile; fileRef = 3D96068E1E66DC4E0025264F /* Main.storyboard */; };
		3D9606921E66DC4E0025264F /* Assets.xcassets in Resources */ = {isa = PBXBuildFile; fileRef = 3D9606911E66DC4E0025264F /* Assets.xcassets */; };
		3D9606951E66DC4E0025264F /* LaunchScreen.storyboard in Resources */ = {isa = PBXBuildFile; fileRef = 3D9606931E66DC4E0025264F /* LaunchScreen.storyboard */; };
		3D9606A01E66DC4E0025264F /* Library_APP_iOSTests.m in Sources */ = {isa = PBXBuildFile; fileRef = 3D96069F1E66DC4E0025264F /* Library_APP_iOSTests.m */; };
		3D9606AB1E66DC4E0025264F /* Library_APP_iOSUITests.m in Sources */ = {isa = PBXBuildFile; fileRef = 3D9606AA1E66DC4E0025264F /* Library_APP_iOSUITests.m */; };
/* End PBXBuildFile section */

/* Begin PBXContainerItemProxy section */
		3D96069C1E66DC4E0025264F /* PBXContainerItemProxy */ = {
			isa = PBXContainerItemProxy;
			containerPortal = 3D9606741E66DC4E0025264F /* Project object */;
			proxyType = 1;
			remoteGlobalIDString = 3D96067B1E66DC4E0025264F;
			remoteInfo = Library_APP_iOS;
		};
		3D9606A71E66DC4E0025264F /* PBXContainerItemProxy */ = {
			isa = PBXContainerItemProxy;
			containerPortal = 3D9606741E66DC4E0025264F /* Project object */;
			proxyType = 1;
			remoteGlobalIDString = 3D96067B1E66DC4E0025264F;
			remoteInfo = Library_APP_iOS;
		};
/* End PBXContainerItemProxy section */

/* Begin PBXFileReference section */
		3D96067C1E66DC4E0025264F /* Library_APP_iOS.app */ = {isa = PBXFileReference; explicitFileType = wrapper.application; includeInIndex = 0; path = Library_APP_iOS.app; sourceTree = BUILT_PRODUCTS_DIR; };
		3D9606801E66DC4E0025264F /* main.m */ = {isa = PBXFileReference; lastKnownFileType = sourcecode.c.objc; path = main.m; sourceTree = "<group>"; };
		3D9606821E66DC4E0025264F /* AppDelegate.h */ = {isa = PBXFileReference; lastKnownFileType = sourcecode.c.h; path = AppDelegate.h; sourceTree = "<group>"; };
		3D9606831E66DC4E0025264F /* AppDelegate.m */ = {isa = PBXFileReference; lastKnownFileType = sourcecode.c.objc; path = AppDelegate.m; sourceTree = "<group>"; };
		3D9606851E66DC4E0025264F /* RootViewController.h */ = {isa = PBXFileReference; lastKnownFileType = sourcecode.c.h; path = RootViewController.h; sourceTree = "<group>"; };
		3D9606861E66DC4E0025264F /* RootViewController.m */ = {isa = PBXFileReference; lastKnownFileType = sourcecode.c.objc; path = RootViewController.m; sourceTree = "<group>"; };
		3D9606881E66DC4E0025264F /* DataViewController.h */ = {isa = PBXFileReference; lastKnownFileType = sourcecode.c.h; path = DataViewController.h; sourceTree = "<group>"; };
		3D9606891E66DC4E0025264F /* DataViewController.m */ = {isa = PBXFileReference; lastKnownFileType = sourcecode.c.objc; path = DataViewController.m; sourceTree = "<group>"; };
		3D96068B1E66DC4E0025264F /* ModelController.h */ = {isa = PBXFileReference; lastKnownFileType = sourcecode.c.h; path = ModelController.h; sourceTree = "<group>"; };
		3D96068C1E66DC4E0025264F /* ModelController.m */ = {isa = PBXFileReference; lastKnownFileType = sourcecode.c.objc; path = ModelController.m; sourceTree = "<group>"; };
		3D96068F1E66DC4E0025264F /* Base */ = {isa = PBXFileReference; lastKnownFileType = file.storyboard; name = Base; path = Base.lproj/Main.storyboard; sourceTree = "<group>"; };
		3D9606911E66DC4E0025264F /* Assets.xcassets */ = {isa = PBXFileReference; lastKnownFileType = folder.assetcatalog; path = Assets.xcassets; sourceTree = "<group>"; };
		3D9606941E66DC4E0025264F /* Base */ = {isa = PBXFileReference; lastKnownFileType = file.storyboard; name = Base; path = Base.lproj/LaunchScreen.storyboard; sourceTree = "<group>"; };
		3D9606961E66DC4E0025264F /* Info.plist */ = {isa = PBXFileReference; lastKnownFileType = text.plist.xml; path = Info.plist; sourceTree = "<group>"; };
		3D96069B1E66DC4E0025264F /* Library_APP_iOSTests.xctest */ = {isa = PBXFileReference; explicitFileType = wrapper.cfbundle; includeInIndex = 0; path = Library_APP_iOSTests.xctest; sourceTree = BUILT_PRODUCTS_DIR; };
		3D96069F1E66DC4E0025264F /* Library_APP_iOSTests.m */ = {isa = PBXFileReference; lastKnownFileType = sourcecode.c.objc; path = Library_APP_iOSTests.m; sourceTree = "<group>"; };
		3D9606A11E66DC4E0025264F /* Info.plist */ = {isa = PBXFileReference; lastKnownFileType = text.plist.xml; path = Info.plist; sourceTree = "<group>"; };
		3D9606A61E66DC4E0025264F /* Library_APP_iOSUITests.xctest */ = {isa = PBXFileReference; explicitFileType = wrapper.cfbundle; includeInIndex = 0; path = Library_APP_iOSUITests.xctest; sourceTree = BUILT_PRODUCTS_DIR; };
		3D9606AA1E66DC4E0025264F /* Library_APP_iOSUITests.m */ = {isa = PBXFileReference; lastKnownFileType = sourcecode.c.objc; path = Library_APP_iOSUITests.m; sourceTree = "<group>"; };
		3D9606AC1E66DC4E0025264F /* Info.plist */ = {isa = PBXFileReference; lastKnownFileType = text.plist.xml; path = Info.plist; sourceTree = "<group>"; };
/* End PBXFileReference section */

/* Begin PBXFrameworksBuildPhase section */
		3D9606791E66DC4E0025264F /* Frameworks */ = {
			isa = PBXFrameworksBuildPhase;
			buildActionMask = 2147483647;
			files = (
			);
			runOnlyForDeploymentPostprocessing = 0;
		};
		3D9606981E66DC4E0025264F /* Frameworks */ = {
			isa = PBXFrameworksBuildPhase;
			buildActionMask = 2147483647;
			files = (
			);
			runOnlyForDeploymentPostprocessing = 0;
		};
		3D9606A31E66DC4E0025264F /* Frameworks */ = {
			isa = PBXFrameworksBuildPhase;
			buildActionMask = 2147483647;
			files = (
			);
			runOnlyForDeploymentPostprocessing = 0;
		};
/* End PBXFrameworksBuildPhase section */

/* Begin PBXGroup section */
		3D9606731E66DC4E0025264F = {
			isa = PBXGroup;
			children = (
				3D96067E1E66DC4E0025264F /* Library_APP_iOS */,
				3D96069E1E66DC4E0025264F /* Library_APP_iOSTests */,
				3D9606A91E66DC4E0025264F /* Library_APP_iOSUITests */,
				3D96067D1E66DC4E0025264F /* Products */,
			);
			sourceTree = "<group>";
		};
		3D96067D1E66DC4E0025264F /* Products */ = {
			isa = PBXGroup;
			children = (
				3D96067C1E66DC4E0025264F /* Library_APP_iOS.app */,
				3D96069B1E66DC4E0025264F /* Library_APP_iOSTests.xctest */,
				3D9606A61E66DC4E0025264F /* Library_APP_iOSUITests.xctest */,
			);
			name = Products;
			sourceTree = "<group>";
		};
		3D96067E1E66DC4E0025264F /* Library_APP_iOS */ = {
			isa = PBXGroup;
			children = (
				3D9606821E66DC4E0025264F /* AppDelegate.h */,
				3D9606831E66DC4E0025264F /* AppDelegate.m */,
				3D9606851E66DC4E0025264F /* RootViewController.h */,
				3D9606861E66DC4E0025264F /* RootViewController.m */,
				3D9606881E66DC4E0025264F /* DataViewController.h */,
				3D9606891E66DC4E0025264F /* DataViewController.m */,
				3D96068B1E66DC4E0025264F /* ModelController.h */,
				3D96068C1E66DC4E0025264F /* ModelController.m */,
				3D96068E1E66DC4E0025264F /* Main.storyboard */,
				3D9606911E66DC4E0025264F /* Assets.xcassets */,
				3D9606931E66DC4E0025264F /* LaunchScreen.storyboard */,
				3D9606961E66DC4E0025264F /* Info.plist */,
				3D96067F1E66DC4E0025264F /* Supporting Files */,
			);
			path = Library_APP_iOS;
			sourceTree = "<group>";
		};
		3D96067F1E66DC4E0025264F /* Supporting Files */ = {
			isa = PBXGroup;
			children = (
				3D9606801E66DC4E0025264F /* main.m */,
			);
			name = "Supporting Files";
			sourceTree = "<group>";
		};
		3D96069E1E66DC4E0025264F /* Library_APP_iOSTests */ = {
			isa = PBXGroup;
			children = (
				3D96069F1E66DC4E0025264F /* Library_APP_iOSTests.m */,
				3D9606A11E66DC4E0025264F /* Info.plist */,
			);
			path = Library_APP_iOSTests;
			sourceTree = "<group>";
		};
		3D9606A91E66DC4E0025264F /* Library_APP_iOSUITests */ = {
			isa = PBXGroup;
			children = (
				3D9606AA1E66DC4E0025264F /* Library_APP_iOSUITests.m */,
				3D9606AC1E66DC4E0025264F /* Info.plist */,
			);
			path = Library_APP_iOSUITests;
			sourceTree = "<group>";
		};
/* End PBXGroup section */

/* Begin PBXNativeTarget section */
		3D96067B1E66DC4E0025264F /* Library_APP_iOS */ = {
			isa = PBXNativeTarget;
			buildConfigurationList = 3D9606AF1E66DC4E0025264F /* Build configuration list for PBXNativeTarget "Library_APP_iOS" */;
			buildPhases = (
				3D9606781E66DC4E0025264F /* Sources */,
				3D9606791E66DC4E0025264F /* Frameworks */,
				3D96067A1E66DC4E0025264F /* Resources */,
			);
			buildRules = (
			);
			dependencies = (
			);
			name = Library_APP_iOS;
			productName = Library_APP_iOS;
			productReference = 3D96067C1E66DC4E0025264F /* Library_APP_iOS.app */;
			productType = "com.apple.product-type.application";
		};
		3D96069A1E66DC4E0025264F /* Library_APP_iOSTests */ = {
			isa = PBXNativeTarget;
			buildConfigurationList = 3D9606B21E66DC4E0025264F /* Build configuration list for PBXNativeTarget "Library_APP_iOSTests" */;
			buildPhases = (
				3D9606971E66DC4E0025264F /* Sources */,
				3D9606981E66DC4E0025264F /* Frameworks */,
				3D9606991E66DC4E0025264F /* Resources */,
			);
			buildRules = (
			);
			dependencies = (
				3D96069D1E66DC4E0025264F /* PBXTargetDependency */,
			);
			name = Library_APP_iOSTests;
			productName = Library_APP_iOSTests;
			productReference = 3D96069B1E66DC4E0025264F /* Library_APP_iOSTests.xctest */;
			productType = "com.apple.product-type.bundle.unit-test";
		};
		3D9606A51E66DC4E0025264F /* Library_APP_iOSUITests */ = {
			isa = PBXNativeTarget;
			buildConfigurationList = 3D9606B51E66DC4E0025264F /* Build configuration list for PBXNativeTarget "Library_APP_iOSUITests" */;
			buildPhases = (
				3D9606A21E66DC4E0025264F /* Sources */,
				3D9606A31E66DC4E0025264F /* Frameworks */,
				3D9606A41E66DC4E0025264F /* Resources */,
			);
			buildRules = (
			);
			dependencies = (
				3D9606A81E66DC4E0025264F /* PBXTargetDependency */,
			);
			name = Library_APP_iOSUITests;
			productName = Library_APP_iOSUITests;
			productReference = 3D9606A61E66DC4E0025264F /* Library_APP_iOSUITests.xctest */;
			productType = "com.apple.product-type.bundle.ui-testing";
		};
/* End PBXNativeTarget section */

/* Begin PBXProject section */
		3D9606741E66DC4E0025264F /* Project object */ = {
			isa = PBXProject;
			attributes = {
				LastUpgradeCheck = 0820;
				ORGANIZATIONNAME = chenshyiuan;
				TargetAttributes = {
					3D96067B1E66DC4E0025264F = {
						CreatedOnToolsVersion = 8.2.1;
						DevelopmentTeam = WWFAK93RQR;
						ProvisioningStyle = Automatic;
					};
					3D96069A1E66DC4E0025264F = {
						CreatedOnToolsVersion = 8.2.1;
						DevelopmentTeam = WWFAK93RQR;
						ProvisioningStyle = Automatic;
						TestTargetID = 3D96067B1E66DC4E0025264F;
					};
					3D9606A51E66DC4E0025264F = {
						CreatedOnToolsVersion = 8.2.1;
						DevelopmentTeam = WWFAK93RQR;
						ProvisioningStyle = Automatic;
						TestTargetID = 3D96067B1E66DC4E0025264F;
					};
				};
			};
			buildConfigurationList = 3D9606771E66DC4E0025264F /* Build configuration list for PBXProject "Library_APP_iOS" */;
			compatibilityVersion = "Xcode 3.2";
			developmentRegion = English;
			hasScannedForEncodings = 0;
			knownRegions = (
				en,
				Base,
			);
			mainGroup = 3D9606731E66DC4E0025264F;
			productRefGroup = 3D96067D1E66DC4E0025264F /* Products */;
			projectDirPath = "";
			projectRoot = "";
			targets = (
				3D96067B1E66DC4E0025264F /* Library_APP_iOS */,
				3D96069A1E66DC4E0025264F /* Library_APP_iOSTests */,
				3D9606A51E66DC4E0025264F /* Library_APP_iOSUITests */,
			);
		};
/* End PBXProject section */

/* Begin PBXResourcesBuildPhase section */
		3D96067A1E66DC4E0025264F /* Resources */ = {
			isa = PBXResourcesBuildPhase;
			buildActionMask = 2147483647;
			files = (
				3D9606951E66DC4E0025264F /* LaunchScreen.storyboard in Resources */,
				3D9606921E66DC4E0025264F /* Assets.xcassets in Resources */,
				3D9606901E66DC4E0025264F /* Main.storyboard in Resources */,
			);
			runOnlyForDeploymentPostprocessing = 0;
		};
		3D9606991E66DC4E0025264F /* Resources */ = {
			isa = PBXResourcesBuildPhase;
			buildActionMask = 2147483647;
			files = (
			);
			runOnlyForDeploymentPostprocessing = 0;
		};
		3D9606A41E66DC4E0025264F /* Resources */ = {
			isa = PBXResourcesBuildPhase;
			buildActionMask = 2147483647;
			files = (
			);
			runOnlyForDeploymentPostprocessing = 0;
		};
/* End PBXResourcesBuildPhase section */

/* Begin PBXSourcesBuildPhase section */
		3D9606781E66DC4E0025264F /* Sources */ = {
			isa = PBXSourcesBuildPhase;
			buildActionMask = 2147483647;
			files = (
				3D96068A1E66DC4E0025264F /* DataViewController.m in Sources */,
				3D9606841E66DC4E0025264F /* AppDelegate.m in Sources */,
				3D96068D1E66DC4E0025264F /* ModelController.m in Sources */,
				3D9606811E66DC4E0025264F /* main.m in Sources */,
				3D9606871E66DC4E0025264F /* RootViewController.m in Sources */,
			);
			runOnlyForDeploymentPostprocessing = 0;
		};
		3D9606971E66DC4E0025264F /* Sources */ = {
			isa = PBXSourcesBuildPhase;
			buildActionMask = 2147483647;
			files = (
				3D9606A01E66DC4E0025264F /* Library_APP_iOSTests.m in Sources */,
			);
			runOnlyForDeploymentPostprocessing = 0;
		};
		3D9606A21E66DC4E0025264F /* Sources */ = {
			isa = PBXSourcesBuildPhase;
			buildActionMask = 2147483647;
			files = (
				3D9606AB1E66DC4E0025264F /* Library_APP_iOSUITests.m in Sources */,
			);
			runOnlyForDeploymentPostprocessing = 0;
		};
/* End PBXSourcesBuildPhase section */

/* Begin PBXTargetDependency section */
		3D96069D1E66DC4E0025264F /* PBXTargetDependency */ = {
			isa = PBXTargetDependency;
			target = 3D96067B1E66DC4E0025264F /* Library_APP_iOS */;
			targetProxy = 3D96069C1E66DC4E0025264F /* PBXContainerItemProxy */;
		};
		3D9606A81E66DC4E0025264F /* PBXTargetDependency */ = {
			isa = PBXTargetDependency;
			target = 3D96067B1E66DC4E0025264F /* Library_APP_iOS */;
			targetProxy = 3D9606A71E66DC4E0025264F /* PBXContainerItemProxy */;
		};
/* End PBXTargetDependency section */

/* Begin PBXVariantGroup section */
		3D96068E1E66DC4E0025264F /* Main.storyboard */ = {
			isa = PBXVariantGroup;
			children = (
				3D96068F1E66DC4E0025264F /* Base */,
			);
			name = Main.storyboard;
			sourceTree = "<group>";
		};
		3D9606931E66DC4E0025264F /* LaunchScreen.storyboard */ = {
			isa = PBXVariantGroup;
			children = (
				3D9606941E66DC4E0025264F /* Base */,
			);
			name = LaunchScreen.storyboard;
			sourceTree = "<group>";
		};
/* End PBXVariantGroup section */

/* Begin XCBuildConfiguration section */
		3D9606AD1E66DC4E0025264F /* Debug */ = {
			isa = XCBuildConfiguration;
			buildSettings = {
				ALWAYS_SEARCH_USER_PATHS = NO;
				CLANG_ANALYZER_NONNULL = YES;
				CLANG_CXX_LANGUAGE_STANDARD = "gnu++0x";
				CLANG_CXX_LIBRARY = "libc++";
				CLANG_ENABLE_MODULES = YES;
				CLANG_ENABLE_OBJC_ARC = YES;
				CLANG_WARN_BOOL_CONVERSION = YES;
				CLANG_WARN_CONSTANT_CONVERSION = YES;
				CLANG_WARN_DIRECT_OBJC_ISA_USAGE = YES_ERROR;
				CLANG_WARN_DOCUMENTATION_COMMENTS = YES;
				CLANG_WARN_EMPTY_BODY = YES;
				CLANG_WARN_ENUM_CONVERSION = YES;
				CLANG_WARN_INFINITE_RECURSION = YES;
				CLANG_WARN_INT_CONVERSION = YES;
				CLANG_WARN_OBJC_ROOT_CLASS = YES_ERROR;
				CLANG_WARN_SUSPICIOUS_MOVE = YES;
				CLANG_WARN_UNREACHABLE_CODE = YES;
				CLANG_WARN__DUPLICATE_METHOD_MATCH = YES;
				"CODE_SIGN_IDENTITY[sdk=iphoneos*]" = "iPhone Developer";
				COPY_PHASE_STRIP = NO;
				DEBUG_INFORMATION_FORMAT = dwarf;
				ENABLE_STRICT_OBJC_MSGSEND = YES;
				ENABLE_TESTABILITY = YES;
				GCC_C_LANGUAGE_STANDARD = gnu99;
				GCC_DYNAMIC_NO_PIC = NO;
				GCC_NO_COMMON_BLOCKS = YES;
				GCC_OPTIMIZATION_LEVEL = 0;
				GCC_PREPROCESSOR_DEFINITIONS = (
					"DEBUG=1",
					"$(inherited)",
				);
				GCC_WARN_64_TO_32_BIT_CONVERSION = YES;
				GCC_WARN_ABOUT_RETURN_TYPE = YES_ERROR;
				GCC_WARN_UNDECLARED_SELECTOR = YES;
				GCC_WARN_UNINITIALIZED_AUTOS = YES_AGGRESSIVE;
				GCC_WARN_UNUSED_FUNCTION = YES;
				GCC_WARN_UNUSED_VARIABLE = YES;
				IPHONEOS_DEPLOYMENT_TARGET = 10.2;
				MTL_ENABLE_DEBUG_INFO = YES;
				ONLY_ACTIVE_ARCH = YES;
				SDKROOT = iphoneos;
			};
			name = Debug;
		};
		3D9606AE1E66DC4E0025264F /* Release */ = {
			isa = XCBuildConfiguration;
			buildSettings = {
				ALWAYS_SEARCH_USER_PATHS = NO;
				CLANG_ANALYZER_NONNULL = YES;
				CLANG_CXX_LANGUAGE_STANDARD = "gnu++0x";
				CLANG_CXX_LIBRARY = "libc++";
				CLANG_ENABLE_MODULES = YES;
				CLANG_ENABLE_OBJC_ARC = YES;
				CLANG_WARN_BOOL_CONVERSION = YES;
				CLANG_WARN_CONSTANT_CONVERSION = YES;
				CLANG_WARN_DIRECT_OBJC_ISA_USAGE = YES_ERROR;
				CLANG_WARN_DOCUMENTATION_COMMENTS = YES;
				CLANG_WARN_EMPTY_BODY = YES;
				CLANG_WARN_ENUM_CONVERSION = YES;
				CLANG_WARN_INFINITE_RECURSION = YES;
				CLANG_WARN_INT_CONVERSION = YES;
				CLANG_WARN_OBJC_ROOT_CLASS = YES_ERROR;
				CLANG_WARN_SUSPICIOUS_MOVE = YES;
				CLANG_WARN_UNREACHABLE_CODE = YES;
				CLANG_WARN__DUPLICATE_METHOD_MATCH = YES;
				"CODE_SIGN_IDENTITY[sdk=iphoneos*]" = "iPhone Developer";
				COPY_PHASE_STRIP = NO;
				DEBUG_INFORMATION_FORMAT = "dwarf-with-dsym";
				ENABLE_NS_ASSERTIONS = NO;
				ENABLE_STRICT_OBJC_MSGSEND = YES;
				GCC_C_LANGUAGE_STANDARD = gnu99;
				GCC_NO_COMMON_BLOCKS = YES;
				GCC_WARN_64_TO_32_BIT_CONVERSION = YES;
				GCC_WARN_ABOUT_RETURN_TYPE = YES_ERROR;
				GCC_WARN_UNDECLARED_SELECTOR = YES;
				GCC_WARN_UNINITIALIZED_AUTOS = YES_AGGRESSIVE;
				GCC_WARN_UNUSED_FUNCTION = YES;
				GCC_WARN_UNUSED_VARIABLE = YES;
				IPHONEOS_DEPLOYMENT_TARGET = 10.2;
				MTL_ENABLE_DEBUG_INFO = NO;
				SDKROOT = iphoneos;
				VALIDATE_PRODUCT = YES;
			};
			name = Release;
		};
		3D9606B01E66DC4E0025264F /* Debug */ = {
			isa = XCBuildConfiguration;
			buildSettings = {
				ASSETCATALOG_COMPILER_APPICON_NAME = AppIcon;
				DEVELOPMENT_TEAM = WWFAK93RQR;
				INFOPLIST_FILE = Library_APP_iOS/Info.plist;
				LD_RUNPATH_SEARCH_PATHS = "$(inherited) @executable_path/Frameworks";
				PRODUCT_BUNDLE_IDENTIFIER = "com.chenshyiuan.Library-APP-iOS";
				PRODUCT_NAME = "$(TARGET_NAME)";
			};
			name = Debug;
		};
		3D9606B11E66DC4E0025264F /* Release */ = {
			isa = XCBuildConfiguration;
			buildSettings = {
				ASSETCATALOG_COMPILER_APPICON_NAME = AppIcon;
				DEVELOPMENT_TEAM = WWFAK93RQR;
				INFOPLIST_FILE = Library_APP_iOS/Info.plist;
				LD_RUNPATH_SEARCH_PATHS = "$(inherited) @executable_path/Frameworks";
				PRODUCT_BUNDLE_IDENTIFIER = "com.chenshyiuan.Library-APP-iOS";
				PRODUCT_NAME = "$(TARGET_NAME)";
			};
			name = Release;
		};
		3D9606B31E66DC4E0025264F /* Debug */ = {
			isa = XCBuildConfiguration;
			buildSettings = {
				BUNDLE_LOADER = "$(TEST_HOST)";
				DEVELOPMENT_TEAM = WWFAK93RQR;
				INFOPLIST_FILE = Library_APP_iOSTests/Info.plist;
				LD_RUNPATH_SEARCH_PATHS = "$(inherited) @executable_path/Frameworks @loader_path/Frameworks";
				PRODUCT_BUNDLE_IDENTIFIER = "com.chenshyiuan.Library-APP-iOSTests";
				PRODUCT_NAME = "$(TARGET_NAME)";
				TEST_HOST = "$(BUILT_PRODUCTS_DIR)/Library_APP_iOS.app/Library_APP_iOS";
			};
			name = Debug;
		};
		3D9606B41E66DC4E0025264F /* Release */ = {
			isa = XCBuildConfiguration;
			buildSettings = {
				BUNDLE_LOADER = "$(TEST_HOST)";
				DEVELOPMENT_TEAM = WWFAK93RQR;
				INFOPLIST_FILE = Library_APP_iOSTests/Info.plist;
				LD_RUNPATH_SEARCH_PATHS = "$(inherited) @executable_path/Frameworks @loader_path/Frameworks";
				PRODUCT_BUNDLE_IDENTIFIER = "com.chenshyiuan.Library-APP-iOSTests";
				PRODUCT_NAME = "$(TARGET_NAME)";
				TEST_HOST = "$(BUILT_PRODUCTS_DIR)/Library_APP_iOS.app/Library_APP_iOS";
			};
			name = Release;
		};
		3D9606B61E66DC4E0025264F /* Debug */ = {
			isa = XCBuildConfiguration;
			buildSettings = {
				DEVELOPMENT_TEAM = WWFAK93RQR;
				INFOPLIST_FILE = Library_APP_iOSUITests/Info.plist;
				LD_RUNPATH_SEARCH_PATHS = "$(inherited) @executable_path/Frameworks @loader_path/Frameworks";
				PRODUCT_BUNDLE_IDENTIFIER = "com.chenshyiuan.Library-APP-iOSUITests";
				PRODUCT_NAME = "$(TARGET_NAME)";
				TEST_TARGET_NAME = Library_APP_iOS;
			};
			name = Debug;
		};
		3D9606B71E66DC4E0025264F /* Release */ = {
			isa = XCBuildConfiguration;
			buildSettings = {
				DEVELOPMENT_TEAM = WWFAK93RQR;
				INFOPLIST_FILE = Library_APP_iOSUITests/Info.plist;
				LD_RUNPATH_SEARCH_PATHS = "$(inherited) @executable_path/Frameworks @loader_path/Frameworks";
				PRODUCT_BUNDLE_IDENTIFIER = "com.chenshyiuan.Library-APP-iOSUITests";
				PRODUCT_NAME = "$(TARGET_NAME)";
				TEST_TARGET_NAME = Library_APP_iOS;
			};
			name = Release;
		};
/* End XCBuildConfiguration section */

/* Begin XCConfigurationList section */
		3D9606771E66DC4E0025264F /* Build configuration list for PBXProject "Library_APP_iOS" */ = {
			isa = XCConfigurationList;
			buildConfigurations = (
				3D9606AD1E66DC4E0025264F /* Debug */,
				3D9606AE1E66DC4E0025264F /* Release */,
			);
			defaultConfigurationIsVisible = 0;
			defaultConfigurationName = Release;
		};
		3D9606AF1E66DC4E0025264F /* Build configuration list for PBXNativeTarget "Library_APP_iOS" */ = {
			isa = XCConfigurationList;
			buildConfigurations = (
				3D9606B01E66DC4E0025264F /* Debug */,
				3D9606B11E66DC4E0025264F /* Release */,
			);
			defaultConfigurationIsVisible = 0;
		};
		3D9606B21E66DC4E0025264F /* Build configuration list for PBXNativeTarget "Library_APP_iOSTests" */ = {
			isa = XCConfigurationList;
			buildConfigurations = (
				3D9606B31E66DC4E0025264F /* Debug */,
				3D9606B41E66DC4E0025264F /* Release */,
			);
			defaultConfigurationIsVisible = 0;
		};
		3D9606B51E66DC4E0025264F /* Build configuration list for PBXNativeTarget "Library_APP_iOSUITests" */ = {
			isa = XCConfigurationList;
			buildConfigurations = (
				3D9606B61E66DC4E0025264F /* Debug */,
				3D9606B71E66DC4E0025264F /* Release */,
			);
			defaultConfigurationIsVisible = 0;
		};
/* End XCConfigurationList section */
	};
	rootObject = 3D9606741E66DC4E0025264F /* Project object */;
}
